// !$*UTF8*$!
{
	archiveVersion = 1;
	classes = {
	};
	objectVersion = 46;
	objects = {

/* Begin PBXBuildFile section */
		27C377131A11E9CC00A7425E /* main.cpp in Sources */ = {isa = PBXBuildFile; fileRef = 27C377121A11E9CC00A7425E /* main.cpp */; };
		27C377A11A11ED7E00A7425E /* libopencv_calib3d.2.4.9.dylib in Frameworks */ = {isa = PBXBuildFile; fileRef = 27C3778F1A11ED7E00A7425E /* libopencv_calib3d.2.4.9.dylib */; };
		27C377A21A11ED7E00A7425E /* libopencv_contrib.2.4.9.dylib in Frameworks */ = {isa = PBXBuildFile; fileRef = 27C377901A11ED7E00A7425E /* libopencv_contrib.2.4.9.dylib */; };
		27C377A31A11ED7E00A7425E /* libopencv_core.2.4.9.dylib in Frameworks */ = {isa = PBXBuildFile; fileRef = 27C377911A11ED7E00A7425E /* libopencv_core.2.4.9.dylib */; };
		27C377A41A11ED7E00A7425E /* libopencv_features2d.2.4.9.dylib in Frameworks */ = {isa = PBXBuildFile; fileRef = 27C377921A11ED7E00A7425E /* libopencv_features2d.2.4.9.dylib */; };
		27C377A51A11ED7E00A7425E /* libopencv_flann.2.4.9.dylib in Frameworks */ = {isa = PBXBuildFile; fileRef = 27C377931A11ED7E00A7425E /* libopencv_flann.2.4.9.dylib */; };
		27C377A61A11ED7E00A7425E /* libopencv_gpu.2.4.9.dylib in Frameworks */ = {isa = PBXBuildFile; fileRef = 27C377941A11ED7E00A7425E /* libopencv_gpu.2.4.9.dylib */; };
		27C377A71A11ED7E00A7425E /* libopencv_highgui.2.4.9.dylib in Frameworks */ = {isa = PBXBuildFile; fileRef = 27C377951A11ED7E00A7425E /* libopencv_highgui.2.4.9.dylib */; };
		27C377A81A11ED7E00A7425E /* libopencv_imgproc.2.4.9.dylib in Frameworks */ = {isa = PBXBuildFile; fileRef = 27C377961A11ED7E00A7425E /* libopencv_imgproc.2.4.9.dylib */; };
		27C377A91A11ED7E00A7425E /* libopencv_legacy.2.4.9.dylib in Frameworks */ = {isa = PBXBuildFile; fileRef = 27C377971A11ED7E00A7425E /* libopencv_legacy.2.4.9.dylib */; };
		27C377AA1A11ED7E00A7425E /* libopencv_ml.2.4.9.dylib in Frameworks */ = {isa = PBXBuildFile; fileRef = 27C377981A11ED7E00A7425E /* libopencv_ml.2.4.9.dylib */; };
		27C377AB1A11ED7E00A7425E /* libopencv_nonfree.2.4.9.dylib in Frameworks */ = {isa = PBXBuildFile; fileRef = 27C377991A11ED7E00A7425E /* libopencv_nonfree.2.4.9.dylib */; };
		27C377AC1A11ED7E00A7425E /* libopencv_objdetect.2.4.9.dylib in Frameworks */ = {isa = PBXBuildFile; fileRef = 27C3779A1A11ED7E00A7425E /* libopencv_objdetect.2.4.9.dylib */; };
		27C377AD1A11ED7E00A7425E /* libopencv_ocl.2.4.9.dylib in Frameworks */ = {isa = PBXBuildFile; fileRef = 27C3779B1A11ED7E00A7425E /* libopencv_ocl.2.4.9.dylib */; };
		27C377AE1A11ED7E00A7425E /* libopencv_photo.2.4.9.dylib in Frameworks */ = {isa = PBXBuildFile; fileRef = 27C3779C1A11ED7E00A7425E /* libopencv_photo.2.4.9.dylib */; };
		27C377AF1A11ED7E00A7425E /* libopencv_stitching.2.4.9.dylib in Frameworks */ = {isa = PBXBuildFile; fileRef = 27C3779D1A11ED7E00A7425E /* libopencv_stitching.2.4.9.dylib */; };
		27C377B01A11ED7E00A7425E /* libopencv_superres.2.4.9.dylib in Frameworks */ = {isa = PBXBuildFile; fileRef = 27C3779E1A11ED7E00A7425E /* libopencv_superres.2.4.9.dylib */; };
		27C377B11A11ED7E00A7425E /* libopencv_video.2.4.9.dylib in Frameworks */ = {isa = PBXBuildFile; fileRef = 27C3779F1A11ED7E00A7425E /* libopencv_video.2.4.9.dylib */; };
		27C377B21A11ED7E00A7425E /* libopencv_videostab.2.4.9.dylib in Frameworks */ = {isa = PBXBuildFile; fileRef = 27C377A01A11ED7E00A7425E /* libopencv_videostab.2.4.9.dylib */; };
/* End PBXBuildFile section */

/* Begin PBXCopyFilesBuildPhase section */
		27C3770D1A11E9CC00A7425E /* CopyFiles */ = {
			isa = PBXCopyFilesBuildPhase;
			buildActionMask = 2147483647;
			dstPath = /usr/share/man/man1/;
			dstSubfolderSpec = 0;
			files = (
			);
			runOnlyForDeploymentPostprocessing = 1;
		};
/* End PBXCopyFilesBuildPhase section */

/* Begin PBXFileReference section */
		27C3770F1A11E9CC00A7425E /* BaseOpenCVProject */ = {isa = PBXFileReference; explicitFileType = "compiled.mach-o.executable"; includeInIndex = 0; path = BaseOpenCVProject; sourceTree = BUILT_PRODUCTS_DIR; };
		27C377121A11E9CC00A7425E /* main.cpp */ = {isa = PBXFileReference; lastKnownFileType = sourcecode.cpp.cpp; path = main.cpp; sourceTree = "<group>"; };
		27C3778F1A11ED7E00A7425E /* libopencv_calib3d.2.4.9.dylib */ = {isa = PBXFileReference; lastKnownFileType = "compiled.mach-o.dylib"; name = libopencv_calib3d.2.4.9.dylib; path = OpenCVLib/libopencv_calib3d.2.4.9.dylib; sourceTree = "<group>"; };
		27C377901A11ED7E00A7425E /* libopencv_contrib.2.4.9.dylib */ = {isa = PBXFileReference; lastKnownFileType = "compiled.mach-o.dylib"; name = libopencv_contrib.2.4.9.dylib; path = OpenCVLib/libopencv_contrib.2.4.9.dylib; sourceTree = "<group>"; };
		27C377911A11ED7E00A7425E /* libopencv_core.2.4.9.dylib */ = {isa = PBXFileReference; lastKnownFileType = "compiled.mach-o.dylib"; name = libopencv_core.2.4.9.dylib; path = OpenCVLib/libopencv_core.2.4.9.dylib; sourceTree = "<group>"; };
		27C377921A11ED7E00A7425E /* libopencv_features2d.2.4.9.dylib */ = {isa = PBXFileReference; lastKnownFileType = "compiled.mach-o.dylib"; name = libopencv_features2d.2.4.9.dylib; path = OpenCVLib/libopencv_features2d.2.4.9.dylib; sourceTree = "<group>"; };
		27C377931A11ED7E00A7425E /* libopencv_flann.2.4.9.dylib */ = {isa = PBXFileReference; lastKnownFileType = "compiled.mach-o.dylib"; name = libopencv_flann.2.4.9.dylib; path = OpenCVLib/libopencv_flann.2.4.9.dylib; sourceTree = "<group>"; };
		27C377941A11ED7E00A7425E /* libopencv_gpu.2.4.9.dylib */ = {isa = PBXFileReference; lastKnownFileType = "compiled.mach-o.dylib"; name = libopencv_gpu.2.4.9.dylib; path = OpenCVLib/libopencv_gpu.2.4.9.dylib; sourceTree = "<group>"; };
		27C377951A11ED7E00A7425E /* libopencv_highgui.2.4.9.dylib */ = {isa = PBXFileReference; lastKnownFileType = "compiled.mach-o.dylib"; name = libopencv_highgui.2.4.9.dylib; path = OpenCVLib/libopencv_highgui.2.4.9.dylib; sourceTree = "<group>"; };
		27C377961A11ED7E00A7425E /* libopencv_imgproc.2.4.9.dylib */ = {isa = PBXFileReference; lastKnownFileType = "compiled.mach-o.dylib"; name = libopencv_imgproc.2.4.9.dylib; path = OpenCVLib/libopencv_imgproc.2.4.9.dylib; sourceTree = "<group>"; };
		27C377971A11ED7E00A7425E /* libopencv_legacy.2.4.9.dylib */ = {isa = PBXFileReference; lastKnownFileType = "compiled.mach-o.dylib"; name = libopencv_legacy.2.4.9.dylib; path = OpenCVLib/libopencv_legacy.2.4.9.dylib; sourceTree = "<group>"; };
		27C377981A11ED7E00A7425E /* libopencv_ml.2.4.9.dylib */ = {isa = PBXFileReference; lastKnownFileType = "compiled.mach-o.dylib"; name = libopencv_ml.2.4.9.dylib; path = OpenCVLib/libopencv_ml.2.4.9.dylib; sourceTree = "<group>"; };
		27C377991A11ED7E00A7425E /* libopencv_nonfree.2.4.9.dylib */ = {isa = PBXFileReference; lastKnownFileType = "compiled.mach-o.dylib"; name = libopencv_nonfree.2.4.9.dylib; path = OpenCVLib/libopencv_nonfree.2.4.9.dylib; sourceTree = "<group>"; };
		27C3779A1A11ED7E00A7425E /* libopencv_objdetect.2.4.9.dylib */ = {isa = PBXFileReference; lastKnownFileType = "compiled.mach-o.dylib"; name = libopencv_objdetect.2.4.9.dylib; path = OpenCVLib/libopencv_objdetect.2.4.9.dylib; sourceTree = "<group>"; };
		27C3779B1A11ED7E00A7425E /* libopencv_ocl.2.4.9.dylib */ = {isa = PBXFileReference; lastKnownFileType = "compiled.mach-o.dylib"; name = libopencv_ocl.2.4.9.dylib; path = OpenCVLib/libopencv_ocl.2.4.9.dylib; sourceTree = "<group>"; };
		27C3779C1A11ED7E00A7425E /* libopencv_photo.2.4.9.dylib */ = {isa = PBXFileReference; lastKnownFileType = "compiled.mach-o.dylib"; name = libopencv_photo.2.4.9.dylib; path = OpenCVLib/libopencv_photo.2.4.9.dylib; sourceTree = "<group>"; };
		27C3779D1A11ED7E00A7425E /* libopencv_stitching.2.4.9.dylib */ = {isa = PBXFileReference; lastKnownFileType = "compiled.mach-o.dylib"; name = libopencv_stitching.2.4.9.dylib; path = OpenCVLib/libopencv_stitching.2.4.9.dylib; sourceTree = "<group>"; };
		27C3779E1A11ED7E00A7425E /* libopencv_superres.2.4.9.dylib */ = {isa = PBXFileReference; lastKnownFileType = "compiled.mach-o.dylib"; name = libopencv_superres.2.4.9.dylib; path = OpenCVLib/libopencv_superres.2.4.9.dylib; sourceTree = "<group>"; };
		27C3779F1A11ED7E00A7425E /* libopencv_video.2.4.9.dylib */ = {isa = PBXFileReference; lastKnownFileType = "compiled.mach-o.dylib"; name = libopencv_video.2.4.9.dylib; path = OpenCVLib/libopencv_video.2.4.9.dylib; sourceTree = "<group>"; };
		27C377A01A11ED7E00A7425E /* libopencv_videostab.2.4.9.dylib */ = {isa = PBXFileReference; lastKnownFileType = "compiled.mach-o.dylib"; name = libopencv_videostab.2.4.9.dylib; path = OpenCVLib/libopencv_videostab.2.4.9.dylib; sourceTree = "<group>"; };
/* End PBXFileReference section */

/* Begin PBXFrameworksBuildPhase section */
		27C3770C1A11E9CC00A7425E /* Frameworks */ = {
			isa = PBXFrameworksBuildPhase;
			buildActionMask = 2147483647;
			files = (
				27C377A11A11ED7E00A7425E /* libopencv_calib3d.2.4.9.dylib in Frameworks */,
				27C377A21A11ED7E00A7425E /* libopencv_contrib.2.4.9.dylib in Frameworks */,
				27C377A31A11ED7E00A7425E /* libopencv_core.2.4.9.dylib in Frameworks */,
				27C377A41A11ED7E00A7425E /* libopencv_features2d.2.4.9.dylib in Frameworks */,
				27C377A51A11ED7E00A7425E /* libopencv_flann.2.4.9.dylib in Frameworks */,
				27C377A61A11ED7E00A7425E /* libopencv_gpu.2.4.9.dylib in Frameworks */,
				27C377A71A11ED7E00A7425E /* libopencv_highgui.2.4.9.dylib in Frameworks */,
				27C377A81A11ED7E00A7425E /* libopencv_imgproc.2.4.9.dylib in Frameworks */,
				27C377A91A11ED7E00A7425E /* libopencv_legacy.2.4.9.dylib in Frameworks */,
				27C377AA1A11ED7E00A7425E /* libopencv_ml.2.4.9.dylib in Frameworks */,
				27C377AB1A11ED7E00A7425E /* libopencv_nonfree.2.4.9.dylib in Frameworks */,
				27C377AC1A11ED7E00A7425E /* libopencv_objdetect.2.4.9.dylib in Frameworks */,
				27C377AD1A11ED7E00A7425E /* libopencv_ocl.2.4.9.dylib in Frameworks */,
				27C377AE1A11ED7E00A7425E /* libopencv_photo.2.4.9.dylib in Frameworks */,
				27C377AF1A11ED7E00A7425E /* libopencv_stitching.2.4.9.dylib in Frameworks */,
				27C377B01A11ED7E00A7425E /* libopencv_superres.2.4.9.dylib in Frameworks */,
				27C377B11A11ED7E00A7425E /* libopencv_video.2.4.9.dylib in Frameworks */,
				27C377B21A11ED7E00A7425E /* libopencv_videostab.2.4.9.dylib in Frameworks */,
			);
			runOnlyForDeploymentPostprocessing = 0;
		};
/* End PBXFrameworksBuildPhase section */

/* Begin PBXGroup section */
		27C377061A11E9CC00A7425E = {
			isa = PBXGroup;
			children = (
				27C3778F1A11ED7E00A7425E /* libopencv_calib3d.2.4.9.dylib */,
				27C377901A11ED7E00A7425E /* libopencv_contrib.2.4.9.dylib */,
				27C377911A11ED7E00A7425E /* libopencv_core.2.4.9.dylib */,
				27C377921A11ED7E00A7425E /* libopencv_features2d.2.4.9.dylib */,
				27C377931A11ED7E00A7425E /* libopencv_flann.2.4.9.dylib */,
				27C377941A11ED7E00A7425E /* libopencv_gpu.2.4.9.dylib */,
				27C377951A11ED7E00A7425E /* libopencv_highgui.2.4.9.dylib */,
				27C377961A11ED7E00A7425E /* libopencv_imgproc.2.4.9.dylib */,
				27C377971A11ED7E00A7425E /* libopencv_legacy.2.4.9.dylib */,
				27C377981A11ED7E00A7425E /* libopencv_ml.2.4.9.dylib */,
				27C377991A11ED7E00A7425E /* libopencv_nonfree.2.4.9.dylib */,
				27C3779A1A11ED7E00A7425E /* libopencv_objdetect.2.4.9.dylib */,
				27C3779B1A11ED7E00A7425E /* libopencv_ocl.2.4.9.dylib */,
				27C3779C1A11ED7E00A7425E /* libopencv_photo.2.4.9.dylib */,
				27C3779D1A11ED7E00A7425E /* libopencv_stitching.2.4.9.dylib */,
				27C3779E1A11ED7E00A7425E /* libopencv_superres.2.4.9.dylib */,
				27C3779F1A11ED7E00A7425E /* libopencv_video.2.4.9.dylib */,
				27C377A01A11ED7E00A7425E /* libopencv_videostab.2.4.9.dylib */,
				27C377111A11E9CC00A7425E /* BaseOpenCVProject */,
				27C377101A11E9CC00A7425E /* Products */,
			);
			sourceTree = "<group>";
		};
		27C377101A11E9CC00A7425E /* Products */ = {
			isa = PBXGroup;
			children = (
				27C3770F1A11E9CC00A7425E /* BaseOpenCVProject */,
			);
			name = Products;
			sourceTree = "<group>";
		};
		27C377111A11E9CC00A7425E /* BaseOpenCVProject */ = {
			isa = PBXGroup;
			children = (
				27C377121A11E9CC00A7425E /* main.cpp */,
			);
			path = BaseOpenCVProject;
			sourceTree = "<group>";
		};
/* End PBXGroup section */

/* Begin PBXNativeTarget section */
		27C3770E1A11E9CC00A7425E /* BaseOpenCVProject */ = {
			isa = PBXNativeTarget;
			buildConfigurationList = 27C377161A11E9CC00A7425E /* Build configuration list for PBXNativeTarget "BaseOpenCVProject" */;
			buildPhases = (
				27C3770B1A11E9CC00A7425E /* Sources */,
				27C3770C1A11E9CC00A7425E /* Frameworks */,
				27C3770D1A11E9CC00A7425E /* CopyFiles */,
			);
			buildRules = (
			);
			dependencies = (
			);
			name = BaseOpenCVProject;
			productName = BaseOpenCVProject;
			productReference = 27C3770F1A11E9CC00A7425E /* BaseOpenCVProject */;
			productType = "com.apple.product-type.tool";
		};
/* End PBXNativeTarget section */

/* Begin PBXProject section */
		27C377071A11E9CC00A7425E /* Project object */ = {
			isa = PBXProject;
			attributes = {
				LastUpgradeCheck = 0610;
				ORGANIZATIONNAME = "Amin Sojoudi";
				TargetAttributes = {
					27C3770E1A11E9CC00A7425E = {
						CreatedOnToolsVersion = 6.1;
					};
				};
			};
			buildConfigurationList = 27C3770A1A11E9CC00A7425E /* Build configuration list for PBXProject "BaseOpenCVProject" */;
			compatibilityVersion = "Xcode 3.2";
			developmentRegion = English;
			hasScannedForEncodings = 0;
			knownRegions = (
				en,
			);
			mainGroup = 27C377061A11E9CC00A7425E;
			productRefGroup = 27C377101A11E9CC00A7425E /* Products */;
			projectDirPath = "";
			projectRoot = "";
			targets = (
				27C3770E1A11E9CC00A7425E /* BaseOpenCVProject */,
			);
		};
/* End PBXProject section */

/* Begin PBXSourcesBuildPhase section */
		27C3770B1A11E9CC00A7425E /* Sources */ = {
			isa = PBXSourcesBuildPhase;
			buildActionMask = 2147483647;
			files = (
				27C377131A11E9CC00A7425E /* main.cpp in Sources */,
			);
			runOnlyForDeploymentPostprocessing = 0;
		};
/* End PBXSourcesBuildPhase section */

/* Begin XCBuildConfiguration section */
		27C377141A11E9CC00A7425E /* Debug */ = {
			isa = XCBuildConfiguration;
			buildSettings = {
				ALWAYS_SEARCH_USER_PATHS = NO;
				CLANG_CXX_LANGUAGE_STANDARD = "gnu++0x";
				CLANG_CXX_LIBRARY = "libc++";
				CLANG_ENABLE_MODULES = YES;
				CLANG_ENABLE_OBJC_ARC = YES;
				CLANG_WARN_BOOL_CONVERSION = YES;
				CLANG_WARN_CONSTANT_CONVERSION = YES;
				CLANG_WARN_DIRECT_OBJC_ISA_USAGE = YES_ERROR;
				CLANG_WARN_EMPTY_BODY = YES;
				CLANG_WARN_ENUM_CONVERSION = YES;
				CLANG_WARN_INT_CONVERSION = YES;
				CLANG_WARN_OBJC_ROOT_CLASS = YES_ERROR;
				CLANG_WARN_UNREACHABLE_CODE = YES;
				CLANG_WARN__DUPLICATE_METHOD_MATCH = YES;
				COPY_PHASE_STRIP = NO;
				ENABLE_STRICT_OBJC_MSGSEND = YES;
				GCC_C_LANGUAGE_STANDARD = gnu99;
				GCC_DYNAMIC_NO_PIC = NO;
				GCC_OPTIMIZATION_LEVEL = 0;
				GCC_PREPROCESSOR_DEFINITIONS = (
					"DEBUG=1",
					"$(inherited)",
				);
				GCC_SYMBOLS_PRIVATE_EXTERN = NO;
				GCC_WARN_64_TO_32_BIT_CONVERSION = YES;
				GCC_WARN_ABOUT_RETURN_TYPE = YES_ERROR;
				GCC_WARN_UNDECLARED_SELECTOR = YES;
				GCC_WARN_UNINITIALIZED_AUTOS = YES_AGGRESSIVE;
				GCC_WARN_UNUSED_FUNCTION = YES;
				GCC_WARN_UNUSED_VARIABLE = YES;
				MACOSX_DEPLOYMENT_TARGET = 10.10;
				MTL_ENABLE_DEBUG_INFO = YES;
				ONLY_ACTIVE_ARCH = YES;
				SDKROOT = macosx;
			};
			name = Debug;
		};
		27C377151A11E9CC00A7425E /* Release */ = {
			isa = XCBuildConfiguration;
			buildSettings = {
				ALWAYS_SEARCH_USER_PATHS = NO;
				CLANG_CXX_LANGUAGE_STANDARD = "gnu++0x";
				CLANG_CXX_LIBRARY = "libc++";
				CLANG_ENABLE_MODULES = YES;
				CLANG_ENABLE_OBJC_ARC = YES;
				CLANG_WARN_BOOL_CONVERSION = YES;
				CLANG_WARN_CONSTANT_CONVERSION = YES;
				CLANG_WARN_DIRECT_OBJC_ISA_USAGE = YES_ERROR;
				CLANG_WARN_EMPTY_BODY = YES;
				CLANG_WARN_ENUM_CONVERSION = YES;
				CLANG_WARN_INT_CONVERSION = YES;
				CLANG_WARN_OBJC_ROOT_CLASS = YES_ERROR;
				CLANG_WARN_UNREACHABLE_CODE = YES;
				CLANG_WARN__DUPLICATE_METHOD_MATCH = YES;
				COPY_PHASE_STRIP = YES;
				DEBUG_INFORMATION_FORMAT = "dwarf-with-dsym";
				ENABLE_NS_ASSERTIONS = NO;
				ENABLE_STRICT_OBJC_MSGSEND = YES;
				GCC_C_LANGUAGE_STANDARD = gnu99;
				GCC_WARN_64_TO_32_BIT_CONVERSION = YES;
				GCC_WARN_ABOUT_RETURN_TYPE = YES_ERROR;
				GCC_WARN_UNDECLARED_SELECTOR = YES;
				GCC_WARN_UNINITIALIZED_AUTOS = YES_AGGRESSIVE;
				GCC_WARN_UNUSED_FUNCTION = YES;
				GCC_WARN_UNUSED_VARIABLE = YES;
				MACOSX_DEPLOYMENT_TARGET = 10.10;
				MTL_ENABLE_DEBUG_INFO = NO;
				SDKROOT = macosx;
			};
			name = Release;
		};
		27C377171A11E9CC00A7425E /* Debug */ = {
			isa = XCBuildConfiguration;
			buildSettings = {
				HEADER_SEARCH_PATHS = (
					"$(inherited)",
					/Applications/Xcode.app/Contents/Developer/Toolchains/XcodeDefault.xctoolchain/usr/include,
				);
				LIBRARY_SEARCH_PATHS = (
					"$(inherited)",
					"$(PROJECT_DIR)",
					"$(PROJECT_DIR)/python2.7/site-packages",
					"$(PROJECT_DIR)/OpenCVLib",
				);
				PRODUCT_NAME = "$(TARGET_NAME)";
				USER_HEADER_SEARCH_PATHS = "/usr/local/Cellar/opencv/2.4.9/include/**";
			};
			name = Debug;
		};
		27C377181A11E9CC00A7425E /* Release */ = {
			isa = XCBuildConfiguration;
			buildSettings = {
				HEADER_SEARCH_PATHS = (
					"$(inherited)",
					/Applications/Xcode.app/Contents/Developer/Toolchains/XcodeDefault.xctoolchain/usr/include,
				);
				LIBRARY_SEARCH_PATHS = (
					"$(inherited)",
					"$(PROJECT_DIR)",
					"$(PROJECT_DIR)/python2.7/site-packages",
					"$(PROJECT_DIR)/OpenCVLib",
				);
				PRODUCT_NAME = "$(TARGET_NAME)";
				USER_HEADER_SEARCH_PATHS = "/usr/local/Cellar/opencv/2.4.9/include/**";
			};
			name = Release;
		};
/* End XCBuildConfiguration section */

/* Begin XCConfigurationList section */
		27C3770A1A11E9CC00A7425E /* Build configuration list for PBXProject "BaseOpenCVProject" */ = {
			isa = XCConfigurationList;
			buildConfigurations = (
				27C377141A11E9CC00A7425E /* Debug */,
				27C377151A11E9CC00A7425E /* Release */,
			);
			defaultConfigurationIsVisible = 0;
			defaultConfigurationName = Release;
		};
		27C377161A11E9CC00A7425E /* Build configuration list for PBXNativeTarget "BaseOpenCVProject" */ = {
			isa = XCConfigurationList;
			buildConfigurations = (
				27C377171A11E9CC00A7425E /* Debug */,
				27C377181A11E9CC00A7425E /* Release */,
			);
			defaultConfigurationIsVisible = 0;
		};
/* End XCConfigurationList section */
	};
	rootObject = 27C377071A11E9CC00A7425E /* Project object */;
}
